
Microsoft Visual Studio Solution File, Format Version 12.00
# Visual Studio Version 16
VisualStudioVersion = 16.0.29613.14
MinimumVisualStudioVersion = 10.0.40219.1
Project("{FAE04EC0-301F-11D3-BF4B-00C04F79EFBC}") = "DevExtremeAspNetCoreApp1", "DevExtremeAspNetCoreApp1\DevExtremeAspNetCoreApp1.csproj", "{C0EB1402-BB1F-4E9B-8749-3DC5434568AE}"
EndProject
Global
	GlobalSection(SolutionConfigurationPlatforms) = preSolution
		Debug|Any CPU = Debug|Any CPU
		Release|Any CPU = Release|Any CPU
	EndGlobalSection
	GlobalSection(ProjectConfigurationPlatforms) = postSolution
		{C0EB1402-BB1F-4E9B-8749-3DC5434568AE}.Debug|Any CPU.ActiveCfg = Debug|Any CPU
		{C0EB1402-BB1F-4E9B-8749-3DC5434568AE}.Debug|Any CPU.Build.0 = Debug|Any CPU
		{C0EB1402-BB1F-4E9B-8749-3DC5434568AE}.Release|Any CPU.ActiveCfg = Release|Any CPU
		{C0EB1402-BB1F-4E9B-8749-3DC5434568AE}.Release|Any CPU.Build.0 = Release|Any CPU
	EndGlobalSection
	GlobalSection(SolutionProperties) = preSolution
		HideSolutionNode = FALSE
	EndGlobalSection
	GlobalSection(ExtensibilityGlobals) = postSolution
		SolutionGuid = {47FA00A8-A72E-44F3-84E4-DDB91ABFA502}
	EndGlobalSection
EndGlobal
